// !$*UTF8*$!
{
	archiveVersion = 1;
	classes = {
	};
	objectVersion = 46;
	objects = {

/* Begin PBXBuildFile section */
		FEC5E6891C72F8B00018E0CB /* AppDelegate.swift in Sources */ = {isa = PBXBuildFile; fileRef = FEC5E6881C72F8B00018E0CB /* AppDelegate.swift */; };
		FEC5E68E1C72F8B00018E0CB /* Main.storyboard in Resources */ = {isa = PBXBuildFile; fileRef = FEC5E68C1C72F8B00018E0CB /* Main.storyboard */; };
		FEC5E6901C72F8B00018E0CB /* Assets.xcassets in Resources */ = {isa = PBXBuildFile; fileRef = FEC5E68F1C72F8B00018E0CB /* Assets.xcassets */; };
		FEC5E6931C72F8B00018E0CB /* LaunchScreen.storyboard in Resources */ = {isa = PBXBuildFile; fileRef = FEC5E6911C72F8B00018E0CB /* LaunchScreen.storyboard */; };
		FEC5E69E1C72F8B00018E0CB /* CustomMutipleImagesPickerTests.swift in Sources */ = {isa = PBXBuildFile; fileRef = FEC5E69D1C72F8B00018E0CB /* CustomMutipleImagesPickerTests.swift */; };
		FEC5E6A91C72F8B00018E0CB /* CustomMutipleImagesPickerUITests.swift in Sources */ = {isa = PBXBuildFile; fileRef = FEC5E6A81C72F8B00018E0CB /* CustomMutipleImagesPickerUITests.swift */; };
		FEC5E6B71C72F9650018E0CB /* SelectedImagesVC.swift in Sources */ = {isa = PBXBuildFile; fileRef = FEC5E6B61C72F9650018E0CB /* SelectedImagesVC.swift */; };
		FEC5E6B91C72F9890018E0CB /* CustomImagePickerVC.swift in Sources */ = {isa = PBXBuildFile; fileRef = FEC5E6B81C72F9890018E0CB /* CustomImagePickerVC.swift */; };
		FEC5E6BB1C72FA5D0018E0CB /* add@3x.png in Resources */ = {isa = PBXBuildFile; fileRef = FEC5E6BA1C72FA5D0018E0CB /* add@3x.png */; };
/* End PBXBuildFile section */

/* Begin PBXContainerItemProxy section */
		FEC5E69A1C72F8B00018E0CB /* PBXContainerItemProxy */ = {
			isa = PBXContainerItemProxy;
			containerPortal = FEC5E67D1C72F8AF0018E0CB /* Project object */;
			proxyType = 1;
			remoteGlobalIDString = FEC5E6841C72F8B00018E0CB;
			remoteInfo = CustomMutipleImagesPicker;
		};
		FEC5E6A51C72F8B00018E0CB /* PBXContainerItemProxy */ = {
			isa = PBXContainerItemProxy;
			containerPortal = FEC5E67D1C72F8AF0018E0CB /* Project object */;
			proxyType = 1;
			remoteGlobalIDString = FEC5E6841C72F8B00018E0CB;
			remoteInfo = CustomMutipleImagesPicker;
		};
/* End PBXContainerItemProxy section */

/* Begin PBXFileReference section */
		FEC5E6851C72F8B00018E0CB /* CustomMutipleImagesPicker.app */ = {isa = PBXFileReference; explicitFileType = wrapper.application; includeInIndex = 0; path = CustomMutipleImagesPicker.app; sourceTree = BUILT_PRODUCTS_DIR; };
		FEC5E6881C72F8B00018E0CB /* AppDelegate.swift */ = {isa = PBXFileReference; lastKnownFileType = sourcecode.swift; path = AppDelegate.swift; sourceTree = "<group>"; };
		FEC5E68D1C72F8B00018E0CB /* Base */ = {isa = PBXFileReference; lastKnownFileType = file.storyboard; name = Base; path = Base.lproj/Main.storyboard; sourceTree = "<group>"; };
		FEC5E68F1C72F8B00018E0CB /* Assets.xcassets */ = {isa = PBXFileReference; lastKnownFileType = folder.assetcatalog; path = Assets.xcassets; sourceTree = "<group>"; };
		FEC5E6921C72F8B00018E0CB /* Base */ = {isa = PBXFileReference; lastKnownFileType = file.storyboard; name = Base; path = Base.lproj/LaunchScreen.storyboard; sourceTree = "<group>"; };
		FEC5E6941C72F8B00018E0CB /* Info.plist */ = {isa = PBXFileReference; lastKnownFileType = text.plist.xml; path = Info.plist; sourceTree = "<group>"; };
		FEC5E6991C72F8B00018E0CB /* CustomMutipleImagesPickerTests.xctest */ = {isa = PBXFileReference; explicitFileType = wrapper.cfbundle; includeInIndex = 0; path = CustomMutipleImagesPickerTests.xctest; sourceTree = BUILT_PRODUCTS_DIR; };
		FEC5E69D1C72F8B00018E0CB /* CustomMutipleImagesPickerTests.swift */ = {isa = PBXFileReference; lastKnownFileType = sourcecode.swift; path = CustomMutipleImagesPickerTests.swift; sourceTree = "<group>"; };
		FEC5E69F1C72F8B00018E0CB /* Info.plist */ = {isa = PBXFileReference; lastKnownFileType = text.plist.xml; path = Info.plist; sourceTree = "<group>"; };
		FEC5E6A41C72F8B00018E0CB /* CustomMutipleImagesPickerUITests.xctest */ = {isa = PBXFileReference; explicitFileType = wrapper.cfbundle; includeInIndex = 0; path = CustomMutipleImagesPickerUITests.xctest; sourceTree = BUILT_PRODUCTS_DIR; };
		FEC5E6A81C72F8B00018E0CB /* CustomMutipleImagesPickerUITests.swift */ = {isa = PBXFileReference; lastKnownFileType = sourcecode.swift; path = CustomMutipleImagesPickerUITests.swift; sourceTree = "<group>"; };
		FEC5E6AA1C72F8B00018E0CB /* Info.plist */ = {isa = PBXFileReference; lastKnownFileType = text.plist.xml; path = Info.plist; sourceTree = "<group>"; };
		FEC5E6B61C72F9650018E0CB /* SelectedImagesVC.swift */ = {isa = PBXFileReference; fileEncoding = 4; lastKnownFileType = sourcecode.swift; path = SelectedImagesVC.swift; sourceTree = "<group>"; };
		FEC5E6B81C72F9890018E0CB /* CustomImagePickerVC.swift */ = {isa = PBXFileReference; fileEncoding = 4; lastKnownFileType = sourcecode.swift; path = CustomImagePickerVC.swift; sourceTree = "<group>"; };
		FEC5E6BA1C72FA5D0018E0CB /* add@3x.png */ = {isa = PBXFileReference; lastKnownFileType = image.png; path = "add@3x.png"; sourceTree = "<group>"; };
/* End PBXFileReference section */

/* Begin PBXFrameworksBuildPhase section */
		FEC5E6821C72F8B00018E0CB /* Frameworks */ = {
			isa = PBXFrameworksBuildPhase;
			buildActionMask = 2147483647;
			files = (
			);
			runOnlyForDeploymentPostprocessing = 0;
		};
		FEC5E6961C72F8B00018E0CB /* Frameworks */ = {
			isa = PBXFrameworksBuildPhase;
			buildActionMask = 2147483647;
			files = (
			);
			runOnlyForDeploymentPostprocessing = 0;
		};
		FEC5E6A11C72F8B00018E0CB /* Frameworks */ = {
			isa = PBXFrameworksBuildPhase;
			buildActionMask = 2147483647;
			files = (
			);
			runOnlyForDeploymentPostprocessing = 0;
		};
/* End PBXFrameworksBuildPhase section */

/* Begin PBXGroup section */
		FEC5E67C1C72F8AF0018E0CB = {
			isa = PBXGroup;
			children = (
				FEC5E6871C72F8B00018E0CB /* CustomMutipleImagesPicker */,
				FEC5E6BC1C730B800018E0CB /* Supporting */,
				FEC5E69C1C72F8B00018E0CB /* CustomMutipleImagesPickerTests */,
				FEC5E6A71C72F8B00018E0CB /* CustomMutipleImagesPickerUITests */,
				FEC5E6861C72F8B00018E0CB /* Products */,
			);
			sourceTree = "<group>";
		};
		FEC5E6861C72F8B00018E0CB /* Products */ = {
			isa = PBXGroup;
			children = (
				FEC5E6851C72F8B00018E0CB /* CustomMutipleImagesPicker.app */,
				FEC5E6991C72F8B00018E0CB /* CustomMutipleImagesPickerTests.xctest */,
				FEC5E6A41C72F8B00018E0CB /* CustomMutipleImagesPickerUITests.xctest */,
			);
			name = Products;
			sourceTree = "<group>";
		};
		FEC5E6871C72F8B00018E0CB /* CustomMutipleImagesPicker */ = {
			isa = PBXGroup;
			children = (
				FEC5E6881C72F8B00018E0CB /* AppDelegate.swift */,
				FEC5E68C1C72F8B00018E0CB /* Main.storyboard */,
				FEC5E6B61C72F9650018E0CB /* SelectedImagesVC.swift */,
				FEC5E6B81C72F9890018E0CB /* CustomImagePickerVC.swift */,
				FEC5E6BA1C72FA5D0018E0CB /* add@3x.png */,
			);
			path = CustomMutipleImagesPicker;
			sourceTree = "<group>";
		};
		FEC5E69C1C72F8B00018E0CB /* CustomMutipleImagesPickerTests */ = {
			isa = PBXGroup;
			children = (
				FEC5E69D1C72F8B00018E0CB /* CustomMutipleImagesPickerTests.swift */,
				FEC5E69F1C72F8B00018E0CB /* Info.plist */,
			);
			path = CustomMutipleImagesPickerTests;
			sourceTree = "<group>";
		};
		FEC5E6A71C72F8B00018E0CB /* CustomMutipleImagesPickerUITests */ = {
			isa = PBXGroup;
			children = (
				FEC5E6A81C72F8B00018E0CB /* CustomMutipleImagesPickerUITests.swift */,
				FEC5E6AA1C72F8B00018E0CB /* Info.plist */,
			);
			path = CustomMutipleImagesPickerUITests;
			sourceTree = "<group>";
		};
		FEC5E6BC1C730B800018E0CB /* Supporting */ = {
			isa = PBXGroup;
			children = (
				FEC5E68F1C72F8B00018E0CB /* Assets.xcassets */,
				FEC5E6911C72F8B00018E0CB /* LaunchScreen.storyboard */,
				FEC5E6941C72F8B00018E0CB /* Info.plist */,
			);
			name = Supporting;
			path = CustomMutipleImagesPicker;
			sourceTree = "<group>";
		};
/* End PBXGroup section */

/* Begin PBXNativeTarget section */
		FEC5E6841C72F8B00018E0CB /* CustomMutipleImagesPicker */ = {
			isa = PBXNativeTarget;
			buildConfigurationList = FEC5E6AD1C72F8B00018E0CB /* Build configuration list for PBXNativeTarget "CustomMutipleImagesPicker" */;
			buildPhases = (
				FEC5E6811C72F8B00018E0CB /* Sources */,
				FEC5E6821C72F8B00018E0CB /* Frameworks */,
				FEC5E6831C72F8B00018E0CB /* Resources */,
			);
			buildRules = (
			);
			dependencies = (
			);
			name = CustomMutipleImagesPicker;
			productName = CustomMutipleImagesPicker;
			productReference = FEC5E6851C72F8B00018E0CB /* CustomMutipleImagesPicker.app */;
			productType = "com.apple.product-type.application";
		};
		FEC5E6981C72F8B00018E0CB /* CustomMutipleImagesPickerTests */ = {
			isa = PBXNativeTarget;
			buildConfigurationList = FEC5E6B01C72F8B00018E0CB /* Build configuration list for PBXNativeTarget "CustomMutipleImagesPickerTests" */;
			buildPhases = (
				FEC5E6951C72F8B00018E0CB /* Sources */,
				FEC5E6961C72F8B00018E0CB /* Frameworks */,
				FEC5E6971C72F8B00018E0CB /* Resources */,
			);
			buildRules = (
			);
			dependencies = (
				FEC5E69B1C72F8B00018E0CB /* PBXTargetDependency */,
			);
			name = CustomMutipleImagesPickerTests;
			productName = CustomMutipleImagesPickerTests;
			productReference = FEC5E6991C72F8B00018E0CB /* CustomMutipleImagesPickerTests.xctest */;
			productType = "com.apple.product-type.bundle.unit-test";
		};
		FEC5E6A31C72F8B00018E0CB /* CustomMutipleImagesPickerUITests */ = {
			isa = PBXNativeTarget;
			buildConfigurationList = FEC5E6B31C72F8B00018E0CB /* Build configuration list for PBXNativeTarget "CustomMutipleImagesPickerUITests" */;
			buildPhases = (
				FEC5E6A01C72F8B00018E0CB /* Sources */,
				FEC5E6A11C72F8B00018E0CB /* Frameworks */,
				FEC5E6A21C72F8B00018E0CB /* Resources */,
			);
			buildRules = (
			);
			dependencies = (
				FEC5E6A61C72F8B00018E0CB /* PBXTargetDependency */,
			);
			name = CustomMutipleImagesPickerUITests;
			productName = CustomMutipleImagesPickerUITests;
			productReference = FEC5E6A41C72F8B00018E0CB /* CustomMutipleImagesPickerUITests.xctest */;
			productType = "com.apple.product-type.bundle.ui-testing";
		};
/* End PBXNativeTarget section */

/* Begin PBXProject section */
		FEC5E67D1C72F8AF0018E0CB /* Project object */ = {
			isa = PBXProject;
			attributes = {
				LastSwiftUpdateCheck = 0720;
				LastUpgradeCheck = 0720;
				ORGANIZATIONNAME = Shrikant;
				TargetAttributes = {
					FEC5E6841C72F8B00018E0CB = {
						CreatedOnToolsVersion = 7.2;
						DevelopmentTeam = 8655SH724F;
					};
					FEC5E6981C72F8B00018E0CB = {
						CreatedOnToolsVersion = 7.2;
						TestTargetID = FEC5E6841C72F8B00018E0CB;
					};
					FEC5E6A31C72F8B00018E0CB = {
						CreatedOnToolsVersion = 7.2;
						TestTargetID = FEC5E6841C72F8B00018E0CB;
					};
				};
			};
			buildConfigurationList = FEC5E6801C72F8AF0018E0CB /* Build configuration list for PBXProject "CustomMutipleImagesPicker" */;
			compatibilityVersion = "Xcode 3.2";
			developmentRegion = English;
			hasScannedForEncodings = 0;
			knownRegions = (
				en,
				Base,
			);
			mainGroup = FEC5E67C1C72F8AF0018E0CB;
			productRefGroup = FEC5E6861C72F8B00018E0CB /* Products */;
			projectDirPath = "";
			projectRoot = "";
			targets = (
				FEC5E6841C72F8B00018E0CB /* CustomMutipleImagesPicker */,
				FEC5E6981C72F8B00018E0CB /* CustomMutipleImagesPickerTests */,
				FEC5E6A31C72F8B00018E0CB /* CustomMutipleImagesPickerUITests */,
			);
		};
/* End PBXProject section */

/* Begin PBXResourcesBuildPhase section */
		FEC5E6831C72F8B00018E0CB /* Resources */ = {
			isa = PBXResourcesBuildPhase;
			buildActionMask = 2147483647;
			files = (
				FEC5E6931C72F8B00018E0CB /* LaunchScreen.storyboard in Resources */,
				FEC5E6BB1C72FA5D0018E0CB /* add@3x.png in Resources */,
				FEC5E6901C72F8B00018E0CB /* Assets.xcassets in Resources */,
				FEC5E68E1C72F8B00018E0CB /* Main.storyboard in Resources */,
			);
			runOnlyForDeploymentPostprocessing = 0;
		};
		FEC5E6971C72F8B00018E0CB /* Resources */ = {
			isa = PBXResourcesBuildPhase;
			buildActionMask = 2147483647;
			files = (
			);
			runOnlyForDeploymentPostprocessing = 0;
		};
		FEC5E6A21C72F8B00018E0CB /* Resources */ = {
			isa = PBXResourcesBuildPhase;
			buildActionMask = 2147483647;
			files = (
			);
			runOnlyForDeploymentPostprocessing = 0;
		};
/* End PBXResourcesBuildPhase section */

/* Begin PBXSourcesBuildPhase section */
		FEC5E6811C72F8B00018E0CB /* Sources */ = {
			isa = PBXSourcesBuildPhase;
			buildActionMask = 2147483647;
			files = (
				FEC5E6B71C72F9650018E0CB /* SelectedImagesVC.swift in Sources */,
				FEC5E6B91C72F9890018E0CB /* CustomImagePickerVC.swift in Sources */,
				FEC5E6891C72F8B00018E0CB /* AppDelegate.swift in Sources */,
			);
			runOnlyForDeploymentPostprocessing = 0;
		};
		FEC5E6951C72F8B00018E0CB /* Sources */ = {
			isa = PBXSourcesBuildPhase;
			buildActionMask = 2147483647;
			files = (
				FEC5E69E1C72F8B00018E0CB /* CustomMutipleImagesPickerTests.swift in Sources */,
			);
			runOnlyForDeploymentPostprocessing = 0;
		};
		FEC5E6A01C72F8B00018E0CB /* Sources */ = {
			isa = PBXSourcesBuildPhase;
			buildActionMask = 2147483647;
			files = (
				FEC5E6A91C72F8B00018E0CB /* CustomMutipleImagesPickerUITests.swift in Sources */,
			);
			runOnlyForDeploymentPostprocessing = 0;
		};
/* End PBXSourcesBuildPhase section */

/* Begin PBXTargetDependency section */
		FEC5E69B1C72F8B00018E0CB /* PBXTargetDependency */ = {
			isa = PBXTargetDependency;
			target = FEC5E6841C72F8B00018E0CB /* CustomMutipleImagesPicker */;
			targetProxy = FEC5E69A1C72F8B00018E0CB /* PBXContainerItemProxy */;
		};
		FEC5E6A61C72F8B00018E0CB /* PBXTargetDependency */ = {
			isa = PBXTargetDependency;
			target = FEC5E6841C72F8B00018E0CB /* CustomMutipleImagesPicker */;
			targetProxy = FEC5E6A51C72F8B00018E0CB /* PBXContainerItemProxy */;
		};
/* End PBXTargetDependency section */

/* Begin PBXVariantGroup section */
		FEC5E68C1C72F8B00018E0CB /* Main.storyboard */ = {
			isa = PBXVariantGroup;
			children = (
				FEC5E68D1C72F8B00018E0CB /* Base */,
			);
			name = Main.storyboard;
			sourceTree = "<group>";
		};
		FEC5E6911C72F8B00018E0CB /* LaunchScreen.storyboard */ = {
			isa = PBXVariantGroup;
			children = (
				FEC5E6921C72F8B00018E0CB /* Base */,
			);
			name = LaunchScreen.storyboard;
			sourceTree = "<group>";
		};
/* End PBXVariantGroup section */

/* Begin XCBuildConfiguration section */
		FEC5E6AB1C72F8B00018E0CB /* Debug */ = {
			isa = XCBuildConfiguration;
			buildSettings = {
				ALWAYS_SEARCH_USER_PATHS = NO;
				CLANG_CXX_LANGUAGE_STANDARD = "gnu++0x";
				CLANG_CXX_LIBRARY = "libc++";
				CLANG_ENABLE_MODULES = YES;
				CLANG_ENABLE_OBJC_ARC = YES;
				CLANG_WARN_BOOL_CONVERSION = YES;
				CLANG_WARN_CONSTANT_CONVERSION = YES;
				CLANG_WARN_DIRECT_OBJC_ISA_USAGE = YES_ERROR;
				CLANG_WARN_EMPTY_BODY = YES;
				CLANG_WARN_ENUM_CONVERSION = YES;
				CLANG_WARN_INT_CONVERSION = YES;
				CLANG_WARN_OBJC_ROOT_CLASS = YES_ERROR;
				CLANG_WARN_UNREACHABLE_CODE = YES;
				CLANG_WARN__DUPLICATE_METHOD_MATCH = YES;
				"CODE_SIGN_IDENTITY[sdk=iphoneos*]" = "iPhone Developer";
				COPY_PHASE_STRIP = NO;
				DEBUG_INFORMATION_FORMAT = dwarf;
				ENABLE_STRICT_OBJC_MSGSEND = YES;
				ENABLE_TESTABILITY = YES;
				GCC_C_LANGUAGE_STANDARD = gnu99;
				GCC_DYNAMIC_NO_PIC = NO;
				GCC_NO_COMMON_BLOCKS = YES;
				GCC_OPTIMIZATION_LEVEL = 0;
				GCC_PREPROCESSOR_DEFINITIONS = (
					"DEBUG=1",
					"$(inherited)",
				);
				GCC_WARN_64_TO_32_BIT_CONVERSION = YES;
				GCC_WARN_ABOUT_RETURN_TYPE = YES_ERROR;
				GCC_WARN_UNDECLARED_SELECTOR = YES;
				GCC_WARN_UNINITIALIZED_AUTOS = YES_AGGRESSIVE;
				GCC_WARN_UNUSED_FUNCTION = YES;
				GCC_WARN_UNUSED_VARIABLE = YES;
				IPHONEOS_DEPLOYMENT_TARGET = 9.2;
				MTL_ENABLE_DEBUG_INFO = YES;
				ONLY_ACTIVE_ARCH = YES;
				SDKROOT = iphoneos;
				SWIFT_OPTIMIZATION_LEVEL = "-Onone";
				TARGETED_DEVICE_FAMILY = "1,2";
			};
			name = Debug;
		};
		FEC5E6AC1C72F8B00018E0CB /* Release */ = {
			isa = XCBuildConfiguration;
			buildSettings = {
				ALWAYS_SEARCH_USER_PATHS = NO;
				CLANG_CXX_LANGUAGE_STANDARD = "gnu++0x";
				CLANG_CXX_LIBRARY = "libc++";
				CLANG_ENABLE_MODULES = YES;
				CLANG_ENABLE_OBJC_ARC = YES;
				CLANG_WARN_BOOL_CONVERSION = YES;
				CLANG_WARN_CONSTANT_CONVERSION = YES;
				CLANG_WARN_DIRECT_OBJC_ISA_USAGE = YES_ERROR;
				CLANG_WARN_EMPTY_BODY = YES;
				CLANG_WARN_ENUM_CONVERSION = YES;
				CLANG_WARN_INT_CONVERSION = YES;
				CLANG_WARN_OBJC_ROOT_CLASS = YES_ERROR;
				CLANG_WARN_UNREACHABLE_CODE = YES;
				CLANG_WARN__DUPLICATE_METHOD_MATCH = YES;
				"CODE_SIGN_IDENTITY[sdk=iphoneos*]" = "iPhone Developer";
				COPY_PHASE_STRIP = NO;
				DEBUG_INFORMATION_FORMAT = "dwarf-with-dsym";
				ENABLE_NS_ASSERTIONS = NO;
				ENABLE_STRICT_OBJC_MSGSEND = YES;
				GCC_C_LANGUAGE_STANDARD = gnu99;
				GCC_NO_COMMON_BLOCKS = YES;
				GCC_WARN_64_TO_32_BIT_CONVERSION = YES;
				GCC_WARN_ABOUT_RETURN_TYPE = YES_ERROR;
				GCC_WARN_UNDECLARED_SELECTOR = YES;
				GCC_WARN_UNINITIALIZED_AUTOS = YES_AGGRESSIVE;
				GCC_WARN_UNUSED_FUNCTION = YES;
				GCC_WARN_UNUSED_VARIABLE = YES;
				IPHONEOS_DEPLOYMENT_TARGET = 9.2;
				MTL_ENABLE_DEBUG_INFO = NO;
				SDKROOT = iphoneos;
				TARGETED_DEVICE_FAMILY = "1,2";
				VALIDATE_PRODUCT = YES;
			};
			name = Release;
		};
		FEC5E6AE1C72F8B00018E0CB /* Debug */ = {
			isa = XCBuildConfiguration;
			buildSettings = {
				ASSETCATALOG_COMPILER_APPICON_NAME = AppIcon;
				DEVELOPMENT_TEAM = 8655SH724F;
				INFOPLIST_FILE = CustomMutipleImagesPicker/Info.plist;
				LD_RUNPATH_SEARCH_PATHS = "$(inherited) @executable_path/Frameworks";
				PRODUCT_BUNDLE_IDENTIFIER = com.devere.cryptoapp;
				PRODUCT_NAME = "$(TARGET_NAME)";
				SWIFT_VERSION = 4.0;
			};
			name = Debug;
		};
		FEC5E6AF1C72F8B00018E0CB /* Release */ = {
			isa = XCBuildConfiguration;
			buildSettings = {
				ASSETCATALOG_COMPILER_APPICON_NAME = AppIcon;
				DEVELOPMENT_TEAM = 8655SH724F;
				INFOPLIST_FILE = CustomMutipleImagesPicker/Info.plist;
				LD_RUNPATH_SEARCH_PATHS = "$(inherited) @executable_path/Frameworks";
				PRODUCT_BUNDLE_IDENTIFIER = com.devere.cryptoapp;
				PRODUCT_NAME = "$(TARGET_NAME)";
				SWIFT_VERSION = 4.0;
			};
			name = Release;
		};
		FEC5E6B11C72F8B00018E0CB /* Debug */ = {
			isa = XCBuildConfiguration;
			buildSettings = {
				BUNDLE_LOADER = "$(TEST_HOST)";
				INFOPLIST_FILE = CustomMutipleImagesPickerTests/Info.plist;
				LD_RUNPATH_SEARCH_PATHS = "$(inherited) @executable_path/Frameworks @loader_path/Frameworks";
				PRODUCT_BUNDLE_IDENTIFIER = Shrikant.CustomMutipleImagesPickerTests;
				PRODUCT_NAME = "$(TARGET_NAME)";
				TEST_HOST = "$(BUILT_PRODUCTS_DIR)/CustomMutipleImagesPicker.app/CustomMutipleImagesPicker";
			};
			name = Debug;
		};
		FEC5E6B21C72F8B00018E0CB /* Release */ = {
			isa = XCBuildConfiguration;
			buildSettings = {
				BUNDLE_LOADER = "$(TEST_HOST)";
				INFOPLIST_FILE = CustomMutipleImagesPickerTests/Info.plist;
				LD_RUNPATH_SEARCH_PATHS = "$(inherited) @executable_path/Frameworks @loader_path/Frameworks";
				PRODUCT_BUNDLE_IDENTIFIER = Shrikant.CustomMutipleImagesPickerTests;
				PRODUCT_NAME = "$(TARGET_NAME)";
				TEST_HOST = "$(BUILT_PRODUCTS_DIR)/CustomMutipleImagesPicker.app/CustomMutipleImagesPicker";
			};
			name = Release;
		};
		FEC5E6B41C72F8B00018E0CB /* Debug */ = {
			isa = XCBuildConfiguration;
			buildSettings = {
				INFOPLIST_FILE = CustomMutipleImagesPickerUITests/Info.plist;
				LD_RUNPATH_SEARCH_PATHS = "$(inherited) @executable_path/Frameworks @loader_path/Frameworks";
				PRODUCT_BUNDLE_IDENTIFIER = Shrikant.CustomMutipleImagesPickerUITests;
				PRODUCT_NAME = "$(TARGET_NAME)";
				TEST_TARGET_NAME = CustomMutipleImagesPicker;
				USES_XCTRUNNER = YES;
			};
			name = Debug;
		};
		FEC5E6B51C72F8B00018E0CB /* Release */ = {
			isa = XCBuildConfiguration;
			buildSettings = {
				INFOPLIST_FILE = CustomMutipleImagesPickerUITests/Info.plist;
				LD_RUNPATH_SEARCH_PATHS = "$(inherited) @executable_path/Frameworks @loader_path/Frameworks";
				PRODUCT_BUNDLE_IDENTIFIER = Shrikant.CustomMutipleImagesPickerUITests;
				PRODUCT_NAME = "$(TARGET_NAME)";
				TEST_TARGET_NAME = CustomMutipleImagesPicker;
				USES_XCTRUNNER = YES;
			};
			name = Release;
		};
/* End XCBuildConfiguration section */

/* Begin XCConfigurationList section */
		FEC5E6801C72F8AF0018E0CB /* Build configuration list for PBXProject "CustomMutipleImagesPicker" */ = {
			isa = XCConfigurationList;
			buildConfigurations = (
				FEC5E6AB1C72F8B00018E0CB /* Debug */,
				FEC5E6AC1C72F8B00018E0CB /* Release */,
			);
			defaultConfigurationIsVisible = 0;
			defaultConfigurationName = Release;
		};
		FEC5E6AD1C72F8B00018E0CB /* Build configuration list for PBXNativeTarget "CustomMutipleImagesPicker" */ = {
			isa = XCConfigurationList;
			buildConfigurations = (
				FEC5E6AE1C72F8B00018E0CB /* Debug */,
				FEC5E6AF1C72F8B00018E0CB /* Release */,
			);
			defaultConfigurationIsVisible = 0;
			defaultConfigurationName = Release;
		};
		FEC5E6B01C72F8B00018E0CB /* Build configuration list for PBXNativeTarget "CustomMutipleImagesPickerTests" */ = {
			isa = XCConfigurationList;
			buildConfigurations = (
				FEC5E6B11C72F8B00018E0CB /* Debug */,
				FEC5E6B21C72F8B00018E0CB /* Release */,
			);
			defaultConfigurationIsVisible = 0;
			defaultConfigurationName = Release;
		};
		FEC5E6B31C72F8B00018E0CB /* Build configuration list for PBXNativeTarget "CustomMutipleImagesPickerUITests" */ = {
			isa = XCConfigurationList;
			buildConfigurations = (
				FEC5E6B41C72F8B00018E0CB /* Debug */,
				FEC5E6B51C72F8B00018E0CB /* Release */,
			);
			defaultConfigurationIsVisible = 0;
			defaultConfigurationName = Release;
		};
/* End XCConfigurationList section */
	};
	rootObject = FEC5E67D1C72F8AF0018E0CB /* Project object */;
}
